version = 1
revision = 3
requires-python = ">=3.10"

[[package]]
name = "01-seven-wonders"
version = "0.1.0"
source = { virtual = "." }
dependencies = [
    { name = "pygame" },
    { name = "pyxel" },
]

[package.dev-dependencies]
dev = [
    { name = "bdflib" },
    { name = "fonttools" },
]

[package.metadata]
requires-dist = [
    { name = "pygame", specifier = ">=2.6.1" },
    { name = "pyxel", specifier = ">=2.7.2" },
]

[package.metadata.requires-dev]
dev = [
    { name = "bdflib", specifier = ">=2.1.0" },
    { name = "fonttools", specifier = ">=4.61.1" },
]

[[package]]
name = "bdflib"
version = "2.1.0"
source = { registry = "https://pypi.org/simple" }
sdist = { url = "https://files.pythonhosted.org/packages/bb/a2/c6ab6dbd3fa3e0d90927756e180ce7eaa1b525f34d7c6d83deeccc121c49/bdflib-2.1.0.tar.gz", hash = "sha256:6eb7fe0e6f6b06b41a79b194558f07e881299b548c6748b53ec357f51457f2ee", size = 49303, upload-time = "2025-02-12T07:42:14.381Z" }
wheels = [
    { url = "https://files.pythonhosted.org/packages/58/c0/c152fa7e7ed2cc8f52030e26dc9cbb1835e71dc5a8e7e9e20127cb145e31/bdflib-2.1.0-py3-none-any.whl", hash = "sha256:1e381eee7b047d40ef4e354e12cde123384da89470f02e3c9a73fa51112c9ee0", size = 55904, upload-time = "2025-02-12T07:42:12.004Z" },
]

[[package]]
name = "fonttools"
version = "4.61.1"
source = { registry = "https://pypi.org/simple" }
sdist = { url = "https://files.pythonhosted.org/packages/ec/ca/cf17b88a8df95691275a3d77dc0a5ad9907f328ae53acbe6795da1b2f5ed/fonttools-4.61.1.tar.gz", hash = "sha256:6675329885c44657f826ef01d9e4fb33b9158e9d93c537d84ad8399539bc6f69", size = 3565756, upload-time = "2025-12-12T17:31:24.246Z" }
wheels = [
    { url = "https://files.pythonhosted.org/packages/5b/94/8a28707adb00bed1bf22dac16ccafe60faf2ade353dcb32c3617ee917307/fonttools-4.61.1-cp310-cp310-macosx_10_9_universal2.whl", hash = "sha256:7c7db70d57e5e1089a274cbb2b1fd635c9a24de809a231b154965d415d6c6d24", size = 2854799, upload-time = "2025-12-12T17:29:27.5Z" },
    { url = "https://files.pythonhosted.org/packages/94/93/c2e682faaa5ee92034818d8f8a8145ae73eb83619600495dcf8503fa7771/fonttools-4.61.1-cp310-cp310-macosx_10_9_x86_64.whl", hash = "sha256:5fe9fd43882620017add5eabb781ebfbc6998ee49b35bd7f8f79af1f9f99a958", size = 2403032, upload-time = "2025-12-12T17:29:30.115Z" },
    { url = "https://files.pythonhosted.org/packages/f1/62/1748f7e7e1ee41aa52279fd2e3a6d0733dc42a673b16932bad8e5d0c8b28/fonttools-4.61.1-cp310-cp310-manylinux2014_aarch64.manylinux_2_17_aarch64.manylinux_2_28_aarch64.whl", hash = "sha256:d8db08051fc9e7d8bc622f2112511b8107d8f27cd89e2f64ec45e9825e8288da", size = 4897863, upload-time = "2025-12-12T17:29:32.535Z" },
    { url = "https://files.pythonhosted.org/packages/69/69/4ca02ee367d2c98edcaeb83fc278d20972502ee071214ad9d8ca85e06080/fonttools-4.61.1-cp310-cp310-manylinux2014_x86_64.manylinux_2_17_x86_64.whl", hash = "sha256:a76d4cb80f41ba94a6691264be76435e5f72f2cb3cab0b092a6212855f71c2f6", size = 4859076, upload-time = "2025-12-12T17:29:34.907Z" },
    { url = "https://files.pythonhosted.org/packages/8c/f5/660f9e3cefa078861a7f099107c6d203b568a6227eef163dd173bfc56bdc/fonttools-4.61.1-cp310-cp310-musllinux_1_2_aarch64.whl", hash = "sha256:a13fc8aeb24bad755eea8f7f9d409438eb94e82cf86b08fe77a03fbc8f6a96b1", size = 4875623, upload-time = "2025-12-12T17:29:37.33Z" },
    { url = "https://files.pythonhosted.org/packages/63/d1/9d7c5091d2276ed47795c131c1bf9316c3c1ab2789c22e2f59e0572ccd38/fonttools-4.61.1-cp310-cp310-musllinux_1_2_x86_64.whl", hash = "sha256:b846a1fcf8beadeb9ea4f44ec5bdde393e2f1569e17d700bfc49cd69bde75881", size = 4993327, upload-time = "2025-12-12T17:29:39.781Z" },
    { url = "https://files.pythonhosted.org/packages/6f/2d/28def73837885ae32260d07660a052b99f0aa00454867d33745dfe49dbf0/fonttools-4.61.1-cp310-cp310-win32.whl", hash = "sha256:78a7d3ab09dc47ac1a363a493e6112d8cabed7ba7caad5f54dbe2f08676d1b47", size = 1502180, upload-time = "2025-12-12T17:29:42.217Z" },
    { url = "https://files.pythonhosted.org/packages/63/fa/bfdc98abb4dd2bd491033e85e3ba69a2313c850e759a6daa014bc9433b0f/fonttools-4.61.1-cp310-cp310-win_amd64.whl", hash = "sha256:eff1ac3cc66c2ac7cda1e64b4e2f3ffef474b7335f92fc3833fc632d595fcee6", size = 1550654, upload-time = "2025-12-12T17:29:44.564Z" },
    { url = "https://files.pythonhosted.org/packages/69/12/bf9f4eaa2fad039356cc627587e30ed008c03f1cebd3034376b5ee8d1d44/fonttools-4.61.1-cp311-cp311-macosx_10_9_universal2.whl", hash = "sha256:c6604b735bb12fef8e0efd5578c9fb5d3d8532d5001ea13a19cddf295673ee09", size = 2852213, upload-time = "2025-12-12T17:29:46.675Z" },
    { url = "https://files.pythonhosted.org/packages/ac/49/4138d1acb6261499bedde1c07f8c2605d1d8f9d77a151e5507fd3ef084b6/fonttools-4.61.1-cp311-cp311-macosx_10_9_x86_64.whl", hash = "sha256:5ce02f38a754f207f2f06557523cd39a06438ba3aafc0639c477ac409fc64e37", size = 2401689, upload-time = "2025-12-12T17:29:48.769Z" },
    { url = "https://files.pythonhosted.org/packages/e5/fe/e6ce0fe20a40e03aef906af60aa87668696f9e4802fa283627d0b5ed777f/fonttools-4.61.1-cp311-cp311-manylinux2014_aarch64.manylinux_2_17_aarch64.manylinux_2_28_aarch64.whl", hash = "sha256:77efb033d8d7ff233385f30c62c7c79271c8885d5c9657d967ede124671bbdfb", size = 5058809, upload-time = "2025-12-12T17:29:51.701Z" },
    { url = "https://files.pythonhosted.org/packages/79/61/1ca198af22f7dd22c17ab86e9024ed3c06299cfdb08170640e9996d501a0/fonttools-4.61.1-cp311-cp311-manylinux2014_x86_64.manylinux_2_17_x86_64.whl", hash = "sha256:75c1a6dfac6abd407634420c93864a1e274ebc1c7531346d9254c0d8f6ca00f9", size = 5036039, upload-time = "2025-12-12T17:29:53.659Z" },
    { url = "https://files.pythonhosted.org/packages/99/cc/fa1801e408586b5fce4da9f5455af8d770f4fc57391cd5da7256bb364d38/fonttools-4.61.1-cp311-cp311-musllinux_1_2_aarch64.whl", hash = "sha256:0de30bfe7745c0d1ffa2b0b7048fb7123ad0d71107e10ee090fa0b16b9452e87", size = 5034714, upload-time = "2025-12-12T17:29:55.592Z" },
    { url = "https://files.pythonhosted.org/packages/bf/aa/b7aeafe65adb1b0a925f8f25725e09f078c635bc22754f3fecb7456955b0/fonttools-4.61.1-cp311-cp311-musllinux_1_2_x86_64.whl", hash = "sha256:58b0ee0ab5b1fc9921eccfe11d1435added19d6494dde14e323f25ad2bc30c56", size = 5158648, upload-time = "2025-12-12T17:29:57.861Z" },
    { url = "https://files.pythonhosted.org/packages/99/f9/08ea7a38663328881384c6e7777bbefc46fd7d282adfd87a7d2b84ec9d50/fonttools-4.61.1-cp311-cp311-win32.whl", hash = "sha256:f79b168428351d11e10c5aeb61a74e1851ec221081299f4cf56036a95431c43a", size = 2280681, upload-time = "2025-12-12T17:29:59.943Z" },
    { url = "https://files.pythonhosted.org/packages/07/ad/37dd1ae5fa6e01612a1fbb954f0927681f282925a86e86198ccd7b15d515/fonttools-4.61.1-cp311-cp311-win_amd64.whl", hash = "sha256:fe2efccb324948a11dd09d22136fe2ac8a97d6c1347cf0b58a911dcd529f66b7", size = 2331951, upload-time = "2025-12-12T17:30:02.254Z" },
    { url = "https://files.pythonhosted.org/packages/6f/16/7decaa24a1bd3a70c607b2e29f0adc6159f36a7e40eaba59846414765fd4/fonttools-4.61.1-cp312-cp312-macosx_10_13_universal2.whl", hash = "sha256:f3cb4a569029b9f291f88aafc927dd53683757e640081ca8c412781ea144565e", size = 2851593, upload-time = "2025-12-12T17:30:04.225Z" },
    { url = "https://files.pythonhosted.org/packages/94/98/3c4cb97c64713a8cf499b3245c3bf9a2b8fd16a3e375feff2aed78f96259/fonttools-4.61.1-cp312-cp312-macosx_10_13_x86_64.whl", hash = "sha256:41a7170d042e8c0024703ed13b71893519a1a6d6e18e933e3ec7507a2c26a4b2", size = 2400231, upload-time = "2025-12-12T17:30:06.47Z" },
    { url = "https://files.pythonhosted.org/packages/b7/37/82dbef0f6342eb01f54bca073ac1498433d6ce71e50c3c3282b655733b31/fonttools-4.61.1-cp312-cp312-manylinux1_x86_64.manylinux2014_x86_64.manylinux_2_17_x86_64.manylinux_2_5_x86_64.whl", hash = "sha256:10d88e55330e092940584774ee5e8a6971b01fc2f4d3466a1d6c158230880796", size = 4954103, upload-time = "2025-12-12T17:30:08.432Z" },
    { url = "https://files.pythonhosted.org/packages/6c/44/f3aeac0fa98e7ad527f479e161aca6c3a1e47bb6996b053d45226fe37bf2/fonttools-4.61.1-cp312-cp312-manylinux2014_aarch64.manylinux_2_17_aarch64.manylinux_2_28_aarch64.whl", hash = "sha256:15acc09befd16a0fb8a8f62bc147e1a82817542d72184acca9ce6e0aeda9fa6d", size = 5004295, upload-time = "2025-12-12T17:30:10.56Z" },
    { url = "https://files.pythonhosted.org/packages/14/e8/7424ced75473983b964d09f6747fa09f054a6d656f60e9ac9324cf40c743/fonttools-4.61.1-cp312-cp312-musllinux_1_2_aarch64.whl", hash = "sha256:e6bcdf33aec38d16508ce61fd81838f24c83c90a1d1b8c68982857038673d6b8", size = 4944109, upload-time = "2025-12-12T17:30:12.874Z" },
    { url = "https://files.pythonhosted.org/packages/c8/8b/6391b257fa3d0b553d73e778f953a2f0154292a7a7a085e2374b111e5410/fonttools-4.61.1-cp312-cp312-musllinux_1_2_x86_64.whl", hash = "sha256:5fade934607a523614726119164ff621e8c30e8fa1ffffbbd358662056ba69f0", size = 5093598, upload-time = "2025-12-12T17:30:15.79Z" },
    { url = "https://files.pythonhosted.org/packages/d9/71/fd2ea96cdc512d92da5678a1c98c267ddd4d8c5130b76d0f7a80f9a9fde8/fonttools-4.61.1-cp312-cp312-win32.whl", hash = "sha256:75da8f28eff26defba42c52986de97b22106cb8f26515b7c22443ebc9c2d3261", size = 2269060, upload-time = "2025-12-12T17:30:18.058Z" },
    { url = "https://files.pythonhosted.org/packages/80/3b/a3e81b71aed5a688e89dfe0e2694b26b78c7d7f39a5ffd8a7d75f54a12a8/fonttools-4.61.1-cp312-cp312-win_amd64.whl", hash = "sha256:497c31ce314219888c0e2fce5ad9178ca83fe5230b01a5006726cdf3ac9f24d9", size = 2319078, upload-time = "2025-12-12T17:30:22.862Z" },
    { url = "https://files.pythonhosted.org/packages/4b/cf/00ba28b0990982530addb8dc3e9e6f2fa9cb5c20df2abdda7baa755e8fe1/fonttools-4.61.1-cp313-cp313-macosx_10_13_universal2.whl", hash = "sha256:8c56c488ab471628ff3bfa80964372fc13504ece601e0d97a78ee74126b2045c", size = 2846454, upload-time = "2025-12-12T17:30:24.938Z" },
    { url = "https://files.pythonhosted.org/packages/5a/ca/468c9a8446a2103ae645d14fee3f610567b7042aba85031c1c65e3ef7471/fonttools-4.61.1-cp313-cp313-macosx_10_13_x86_64.whl", hash = "sha256:dc492779501fa723b04d0ab1f5be046797fee17d27700476edc7ee9ae535a61e", size = 2398191, upload-time = "2025-12-12T17:30:27.343Z" },
    { url = "https://files.pythonhosted.org/packages/a3/4b/d67eedaed19def5967fade3297fed8161b25ba94699efc124b14fb68cdbc/fonttools-4.61.1-cp313-cp313-manylinux1_x86_64.manylinux2014_x86_64.manylinux_2_17_x86_64.manylinux_2_5_x86_64.whl", hash = "sha256:64102ca87e84261419c3747a0d20f396eb024bdbeb04c2bfb37e2891f5fadcb5", size = 4928410, upload-time = "2025-12-12T17:30:29.771Z" },
    { url = "https://files.pythonhosted.org/packages/b0/8d/6fb3494dfe61a46258cd93d979cf4725ded4eb46c2a4ca35e4490d84daea/fonttools-4.61.1-cp313-cp313-manylinux2014_aarch64.manylinux_2_17_aarch64.manylinux_2_28_aarch64.whl", hash = "sha256:4c1b526c8d3f615a7b1867f38a9410849c8f4aef078535742198e942fba0e9bd", size = 4984460, upload-time = "2025-12-12T17:30:32.073Z" },
    { url = "https://files.pythonhosted.org/packages/f7/f1/a47f1d30b3dc00d75e7af762652d4cbc3dff5c2697a0dbd5203c81afd9c3/fonttools-4.61.1-cp313-cp313-musllinux_1_2_aarch64.whl", hash = "sha256:41ed4b5ec103bd306bb68f81dc166e77409e5209443e5773cb4ed837bcc9b0d3", size = 4925800, upload-time = "2025-12-12T17:30:34.339Z" },
    { url = "https://files.pythonhosted.org/packages/a7/01/e6ae64a0981076e8a66906fab01539799546181e32a37a0257b77e4aa88b/fonttools-4.61.1-cp313-cp313-musllinux_1_2_x86_64.whl", hash = "sha256:b501c862d4901792adaec7c25b1ecc749e2662543f68bb194c42ba18d6eec98d", size = 5067859, upload-time = "2025-12-12T17:30:36.593Z" },
    { url = "https://files.pythonhosted.org/packages/73/aa/28e40b8d6809a9b5075350a86779163f074d2b617c15d22343fce81918db/fonttools-4.61.1-cp313-cp313-win32.whl", hash = "sha256:4d7092bb38c53bbc78e9255a59158b150bcdc115a1e3b3ce0b5f267dc35dd63c", size = 2267821, upload-time = "2025-12-12T17:30:38.478Z" },
    { url = "https://files.pythonhosted.org/packages/1a/59/453c06d1d83dc0951b69ef692d6b9f1846680342927df54e9a1ca91c6f90/fonttools-4.61.1-cp313-cp313-win_amd64.whl", hash = "sha256:21e7c8d76f62ab13c9472ccf74515ca5b9a761d1bde3265152a6dc58700d895b", size = 2318169, upload-time = "2025-12-12T17:30:40.951Z" },
    { url = "https://files.pythonhosted.org/packages/32/8f/4e7bf82c0cbb738d3c2206c920ca34ca74ef9dabde779030145d28665104/fonttools-4.61.1-cp314-cp314-macosx_10_15_universal2.whl", hash = "sha256:fff4f534200a04b4a36e7ae3cb74493afe807b517a09e99cb4faa89a34ed6ecd", size = 2846094, upload-time = "2025-12-12T17:30:43.511Z" },
    { url = "https://files.pythonhosted.org/packages/71/09/d44e45d0a4f3a651f23a1e9d42de43bc643cce2971b19e784cc67d823676/fonttools-4.61.1-cp314-cp314-macosx_10_15_x86_64.whl", hash = "sha256:d9203500f7c63545b4ce3799319fe4d9feb1a1b89b28d3cb5abd11b9dd64147e", size = 2396589, upload-time = "2025-12-12T17:30:45.681Z" },
    { url = "https://files.pythonhosted.org/packages/89/18/58c64cafcf8eb677a99ef593121f719e6dcbdb7d1c594ae5a10d4997ca8a/fonttools-4.61.1-cp314-cp314-manylinux1_x86_64.manylinux2014_x86_64.manylinux_2_17_x86_64.manylinux_2_5_x86_64.whl", hash = "sha256:fa646ecec9528bef693415c79a86e733c70a4965dd938e9a226b0fc64c9d2e6c", size = 4877892, upload-time = "2025-12-12T17:30:47.709Z" },
    { url = "https://files.pythonhosted.org/packages/8a/ec/9e6b38c7ba1e09eb51db849d5450f4c05b7e78481f662c3b79dbde6f3d04/fonttools-4.61.1-cp314-cp314-manylinux2014_aarch64.manylinux_2_17_aarch64.manylinux_2_28_aarch64.whl", hash = "sha256:11f35ad7805edba3aac1a3710d104592df59f4b957e30108ae0ba6c10b11dd75", size = 4972884, upload-time = "2025-12-12T17:30:49.656Z" },
    { url = "https://files.pythonhosted.org/packages/5e/87/b5339da8e0256734ba0dbbf5b6cdebb1dd79b01dc8c270989b7bcd465541/fonttools-4.61.1-cp314-cp314-musllinux_1_2_aarch64.whl", hash = "sha256:b931ae8f62db78861b0ff1ac017851764602288575d65b8e8ff1963fed419063", size = 4924405, upload-time = "2025-12-12T17:30:51.735Z" },
    { url = "https://files.pythonhosted.org/packages/0b/47/e3409f1e1e69c073a3a6fd8cb886eb18c0bae0ee13db2c8d5e7f8495e8b7/fonttools-4.61.1-cp314-cp314-musllinux_1_2_x86_64.whl", hash = "sha256:b148b56f5de675ee16d45e769e69f87623a4944f7443850bf9a9376e628a89d2", size = 5035553, upload-time = "2025-12-12T17:30:54.823Z" },
    { url = "https://files.pythonhosted.org/packages/bf/b6/1f6600161b1073a984294c6c031e1a56ebf95b6164249eecf30012bb2e38/fonttools-4.61.1-cp314-cp314-win32.whl", hash = "sha256:9b666a475a65f4e839d3d10473fad6d47e0a9db14a2f4a224029c5bfde58ad2c", size = 2271915, upload-time = "2025-12-12T17:30:57.913Z" },
    { url = "https://files.pythonhosted.org/packages/52/7b/91e7b01e37cc8eb0e1f770d08305b3655e4f002fc160fb82b3390eabacf5/fonttools-4.61.1-cp314-cp314-win_amd64.whl", hash = "sha256:4f5686e1fe5fce75d82d93c47a438a25bf0d1319d2843a926f741140b2b16e0c", size = 2323487, upload-time = "2025-12-12T17:30:59.804Z" },
    { url = "https://files.pythonhosted.org/packages/39/5c/908ad78e46c61c3e3ed70c3b58ff82ab48437faf84ec84f109592cabbd9f/fonttools-4.61.1-cp314-cp314t-macosx_10_15_universal2.whl", hash = "sha256:e76ce097e3c57c4bcb67c5aa24a0ecdbd9f74ea9219997a707a4061fbe2707aa", size = 2929571, upload-time = "2025-12-12T17:31:02.574Z" },
    { url = "https://files.pythonhosted.org/packages/bd/41/975804132c6dea64cdbfbaa59f3518a21c137a10cccf962805b301ac6ab2/fonttools-4.61.1-cp314-cp314t-macosx_10_15_x86_64.whl", hash = "sha256:9cfef3ab326780c04d6646f68d4b4742aae222e8b8ea1d627c74e38afcbc9d91", size = 2435317, upload-time = "2025-12-12T17:31:04.974Z" },
    { url = "https://files.pythonhosted.org/packages/b0/5a/aef2a0a8daf1ebaae4cfd83f84186d4a72ee08fd6a8451289fcd03ffa8a4/fonttools-4.61.1-cp314-cp314t-manylinux1_x86_64.manylinux2014_x86_64.manylinux_2_17_x86_64.manylinux_2_5_x86_64.whl", hash = "sha256:a75c301f96db737e1c5ed5fd7d77d9c34466de16095a266509e13da09751bd19", size = 4882124, upload-time = "2025-12-12T17:31:07.456Z" },
    { url = "https://files.pythonhosted.org/packages/80/33/d6db3485b645b81cea538c9d1c9219d5805f0877fda18777add4671c5240/fonttools-4.61.1-cp314-cp314t-manylinux2014_aarch64.manylinux_2_17_aarch64.manylinux_2_28_aarch64.whl", hash = "sha256:91669ccac46bbc1d09e9273546181919064e8df73488ea087dcac3e2968df9ba", size = 5100391, upload-time = "2025-12-12T17:31:09.732Z" },
    { url = "https://files.pythonhosted.org/packages/6c/d6/675ba631454043c75fcf76f0ca5463eac8eb0666ea1d7badae5fea001155/fonttools-4.61.1-cp314-cp314t-musllinux_1_2_aarch64.whl", hash = "sha256:c33ab3ca9d3ccd581d58e989d67554e42d8d4ded94ab3ade3508455fe70e65f7", size = 4978800, upload-time = "2025-12-12T17:31:11.681Z" },
    { url = "https://files.pythonhosted.org/packages/7f/33/d3ec753d547a8d2bdaedd390d4a814e8d5b45a093d558f025c6b990b554c/fonttools-4.61.1-cp314-cp314t-musllinux_1_2_x86_64.whl", hash = "sha256:664c5a68ec406f6b1547946683008576ef8b38275608e1cee6c061828171c118", size = 5006426, upload-time = "2025-12-12T17:31:13.764Z" },
    { url = "https://files.pythonhosted.org/packages/b4/40/cc11f378b561a67bea850ab50063366a0d1dd3f6d0a30ce0f874b0ad5664/fonttools-4.61.1-cp314-cp314t-win32.whl", hash = "sha256:aed04cabe26f30c1647ef0e8fbb207516fd40fe9472e9439695f5c6998e60ac5", size = 2335377, upload-time = "2025-12-12T17:31:16.49Z" },
    { url = "https://files.pythonhosted.org/packages/e4/ff/c9a2b66b39f8628531ea58b320d66d951267c98c6a38684daa8f50fb02f8/fonttools-4.61.1-cp314-cp314t-win_amd64.whl", hash = "sha256:2180f14c141d2f0f3da43f3a81bc8aa4684860f6b0e6f9e165a4831f24e6a23b", size = 2400613, upload-time = "2025-12-12T17:31:18.769Z" },
    { url = "https://files.pythonhosted.org/packages/c7/4e/ce75a57ff3aebf6fc1f4e9d508b8e5810618a33d900ad6c19eb30b290b97/fonttools-4.61.1-py3-none-any.whl", hash = "sha256:17d2bf5d541add43822bcf0c43d7d847b160c9bb01d15d5007d84e2217aaa371", size = 1148996, upload-time = "2025-12-12T17:31:21.03Z" },
]

[[package]]
name = "pygame"
version = "2.6.1"
source = { registry = "https://pypi.org/simple" }
sdist = { url = "https://files.pythonhosted.org/packages/49/cc/08bba60f00541f62aaa252ce0cfbd60aebd04616c0b9574f755b583e45ae/pygame-2.6.1.tar.gz", hash = "sha256:56fb02ead529cee00d415c3e007f75e0780c655909aaa8e8bf616ee09c9feb1f", size = 14808125, upload-time = "2024-09-29T13:41:34.698Z" }
wheels = [
    { url = "https://files.pythonhosted.org/packages/54/0b/334c7c50a2979e15f2a027a41d1ca78ee730d5b1c7f7f4b26d7cb899839d/pygame-2.6.1-cp310-cp310-macosx_10_9_x86_64.whl", hash = "sha256:9beeb647e555afb5657111fa83acb74b99ad88761108eaea66472e8b8547b55b", size = 13109297, upload-time = "2024-09-29T14:25:34.709Z" },
    { url = "https://files.pythonhosted.org/packages/dc/48/f8b1069788d1bd42e63a960d74d3355242480b750173a42b2749687578ca/pygame-2.6.1-cp310-cp310-macosx_11_0_arm64.whl", hash = "sha256:10e3d2a55f001f6c0a6eb44aa79ea7607091c9352b946692acedb2ac1482f1c9", size = 12375837, upload-time = "2024-09-29T14:25:50.538Z" },
    { url = "https://files.pythonhosted.org/packages/bc/33/a1310386b8913ce1bdb90c33fa536970e299ad57eb35785f1d71ea1e2ad3/pygame-2.6.1-cp310-cp310-manylinux_2_17_aarch64.manylinux2014_aarch64.whl", hash = "sha256:816e85000c5d8b02a42b9834f761a5925ef3377d2924e3a7c4c143d2990ce5b8", size = 13607860, upload-time = "2024-09-29T11:10:44.173Z" },
    { url = "https://files.pythonhosted.org/packages/88/0f/4e37b115056e43714e7550054dd3cd7f4d552da54d7fc58a2fb1407acda5/pygame-2.6.1-cp310-cp310-manylinux_2_17_i686.manylinux2014_i686.whl", hash = "sha256:8a78fd030d98faab4a8e27878536fdff7518d3e062a72761c552f624ebba5a5f", size = 14304696, upload-time = "2024-09-29T11:39:46.724Z" },
    { url = "https://files.pythonhosted.org/packages/11/b3/de6ed93ae483cf3bac8f950a955e83f7ffe59651fd804d100fff65d66d6c/pygame-2.6.1-cp310-cp310-manylinux_2_17_x86_64.manylinux2014_x86_64.whl", hash = "sha256:da3ad64d685f84a34ebe5daacb39fff14f1251acb34c098d760d63fee768f50c", size = 13977684, upload-time = "2024-09-29T11:39:49.921Z" },
    { url = "https://files.pythonhosted.org/packages/d3/05/d86440aa879708c41844bafc6b3eb42c6d8cf54082482499b53139133e2a/pygame-2.6.1-cp310-cp310-win32.whl", hash = "sha256:9dd5c054d4bd875a8caf978b82672f02bec332f52a833a76899220c460bb4b58", size = 10251775, upload-time = "2024-09-29T11:40:34.952Z" },
    { url = "https://files.pythonhosted.org/packages/38/88/8de61324775cf2c844a51d8db14a8a6d2a9092312f27678f6eaa3a460376/pygame-2.6.1-cp310-cp310-win_amd64.whl", hash = "sha256:00827aba089355925902d533f9c41e79a799641f03746c50a374dc5c3362e43d", size = 10618801, upload-time = "2024-09-29T12:13:25.284Z" },
    { url = "https://files.pythonhosted.org/packages/c4/ca/8f367cb9fe734c4f6f6400e045593beea2635cd736158f9fabf58ee14e3c/pygame-2.6.1-cp311-cp311-macosx_10_9_x86_64.whl", hash = "sha256:20349195326a5e82a16e351ed93465a7845a7e2a9af55b7bc1b2110ea3e344e1", size = 13113753, upload-time = "2024-09-29T14:26:13.751Z" },
    { url = "https://files.pythonhosted.org/packages/83/47/6edf2f890139616b3219be9cfcc8f0cb8f42eb15efd59597927e390538cb/pygame-2.6.1-cp311-cp311-macosx_11_0_arm64.whl", hash = "sha256:f3935459109da4bb0b3901da9904f0a3e52028a3332a355d298b1673a334cf21", size = 12378146, upload-time = "2024-09-29T14:26:22.456Z" },
    { url = "https://files.pythonhosted.org/packages/00/9e/0d8aa8cf93db2d2ee38ebaf1c7b61d0df36ded27eb726221719c150c673d/pygame-2.6.1-cp311-cp311-manylinux_2_17_aarch64.manylinux2014_aarch64.whl", hash = "sha256:c31dbdb5d0217f32764797d21c2752e258e5fb7e895326538d82b5f75a0cd856", size = 13611760, upload-time = "2024-09-29T11:10:47.317Z" },
    { url = "https://files.pythonhosted.org/packages/d7/9e/d06adaa5cc65876bcd7a24f59f67e07f7e4194e6298130024ed3fb22c456/pygame-2.6.1-cp311-cp311-manylinux_2_17_i686.manylinux2014_i686.whl", hash = "sha256:173badf82fa198e6888017bea40f511cb28e69ecdd5a72b214e81e4dcd66c3b1", size = 14298054, upload-time = "2024-09-29T11:39:53.891Z" },
    { url = "https://files.pythonhosted.org/packages/7a/a1/9ae2852ebd3a7cc7d9ae7ff7919ab983e4a5c1b7a14e840732f23b2b48f6/pygame-2.6.1-cp311-cp311-manylinux_2_17_x86_64.manylinux2014_x86_64.whl", hash = "sha256:ce8cc108b92de9b149b344ad2e25eedbe773af0dc41dfb24d1f07f679b558c60", size = 13977107, upload-time = "2024-09-29T11:39:56.831Z" },
    { url = "https://files.pythonhosted.org/packages/31/df/6788fd2e9a864d0496a77670e44a7c012184b7a5382866ab0e60c55c0f28/pygame-2.6.1-cp311-cp311-win32.whl", hash = "sha256:811e7b925146d8149d79193652cbb83e0eca0aae66476b1cb310f0f4226b8b5c", size = 10250863, upload-time = "2024-09-29T11:44:48.199Z" },
    { url = "https://files.pythonhosted.org/packages/d2/55/ca3eb851aeef4f6f2e98a360c201f0d00bd1ba2eb98e2c7850d80aabc526/pygame-2.6.1-cp311-cp311-win_amd64.whl", hash = "sha256:91476902426facd4bb0dad4dc3b2573bc82c95c71b135e0daaea072ed528d299", size = 10622016, upload-time = "2024-09-29T12:17:01.545Z" },
    { url = "https://files.pythonhosted.org/packages/92/16/2c602c332f45ff9526d61f6bd764db5096ff9035433e2172e2d2cadae8db/pygame-2.6.1-cp312-cp312-macosx_10_9_x86_64.whl", hash = "sha256:4ee7f2771f588c966fa2fa8b829be26698c9b4836f82ede5e4edc1a68594942e", size = 13118279, upload-time = "2024-09-29T14:26:30.427Z" },
    { url = "https://files.pythonhosted.org/packages/cd/53/77ccbc384b251c6e34bfd2e734c638233922449a7844e3c7a11ef91cee39/pygame-2.6.1-cp312-cp312-macosx_11_0_arm64.whl", hash = "sha256:c8040ea2ab18c6b255af706ec01355c8a6b08dc48d77fd4ee783f8fc46a843bf", size = 12384524, upload-time = "2024-09-29T14:26:49.996Z" },
    { url = "https://files.pythonhosted.org/packages/06/be/3ed337583f010696c3b3435e89a74fb29d0c74d0931e8f33c0a4246307a9/pygame-2.6.1-cp312-cp312-manylinux_2_17_aarch64.manylinux2014_aarch64.whl", hash = "sha256:c47a6938de93fa610accd4969e638c2aebcb29b2fca518a84c3a39d91ab47116", size = 13587123, upload-time = "2024-09-29T11:10:50.072Z" },
    { url = "https://files.pythonhosted.org/packages/fd/ca/b015586a450db59313535662991b34d24c1f0c0dc149cc5f496573900f4e/pygame-2.6.1-cp312-cp312-manylinux_2_17_i686.manylinux2014_i686.whl", hash = "sha256:33006f784e1c7d7e466fcb61d5489da59cc5f7eb098712f792a225df1d4e229d", size = 14275532, upload-time = "2024-09-29T11:39:59.356Z" },
    { url = "https://files.pythonhosted.org/packages/b9/f2/d31e6ad42d657af07be2ffd779190353f759a07b51232b9e1d724f2cda46/pygame-2.6.1-cp312-cp312-manylinux_2_17_x86_64.manylinux2014_x86_64.whl", hash = "sha256:1206125f14cae22c44565c9d333607f1d9f59487b1f1432945dfc809aeaa3e88", size = 13952653, upload-time = "2024-09-29T11:40:01.781Z" },
    { url = "https://files.pythonhosted.org/packages/f3/42/8ea2a6979e6fa971702fece1747e862e2256d4a8558fe0da6364dd946c53/pygame-2.6.1-cp312-cp312-win32.whl", hash = "sha256:84fc4054e25262140d09d39e094f6880d730199710829902f0d8ceae0213379e", size = 10252421, upload-time = "2024-09-29T11:14:26.877Z" },
    { url = "https://files.pythonhosted.org/packages/5f/90/7d766d54bb95939725e9a9361f9c06b0cfbe3fe100aa35400f0a461a278a/pygame-2.6.1-cp312-cp312-win_amd64.whl", hash = "sha256:3a9e7396be0d9633831c3f8d5d82dd63ba373ad65599628294b7a4f8a5a01a65", size = 10624591, upload-time = "2024-09-29T11:52:54.489Z" },
    { url = "https://files.pythonhosted.org/packages/e1/91/718acf3e2a9d08a6ddcc96bd02a6f63c99ee7ba14afeaff2a51c987df0b9/pygame-2.6.1-cp313-cp313-macosx_10_13_x86_64.whl", hash = "sha256:ae6039f3a55d800db80e8010f387557b528d34d534435e0871326804df2a62f2", size = 13090765, upload-time = "2024-09-29T14:27:02.377Z" },
    { url = "https://files.pythonhosted.org/packages/0e/c6/9cb315de851a7682d9c7568a41ea042ee98d668cb8deadc1dafcab6116f0/pygame-2.6.1-cp313-cp313-macosx_11_0_arm64.whl", hash = "sha256:2a3a1288e2e9b1e5834e425bedd5ba01a3cd4902b5c2bff8ed4a740ccfe98171", size = 12381704, upload-time = "2024-09-29T14:27:10.228Z" },
    { url = "https://files.pythonhosted.org/packages/9f/8f/617a1196e31ae3b46be6949fbaa95b8c93ce15e0544266198c2266cc1b4d/pygame-2.6.1-cp313-cp313-manylinux_2_17_aarch64.manylinux2014_aarch64.whl", hash = "sha256:27eb17e3dc9640e4b4683074f1890e2e879827447770470c2aba9f125f74510b", size = 13581091, upload-time = "2024-09-29T11:30:27.653Z" },
    { url = "https://files.pythonhosted.org/packages/3b/87/2851a564e40a2dad353f1c6e143465d445dab18a95281f9ea458b94f3608/pygame-2.6.1-cp313-cp313-manylinux_2_17_i686.manylinux2014_i686.whl", hash = "sha256:4c1623180e70a03c4a734deb9bac50fc9c82942ae84a3a220779062128e75f3b", size = 14273844, upload-time = "2024-09-29T11:40:04.138Z" },
    { url = "https://files.pythonhosted.org/packages/85/b5/aa23aa2e70bcba42c989c02e7228273c30f3b44b9b264abb93eaeff43ad7/pygame-2.6.1-cp313-cp313-manylinux_2_17_x86_64.manylinux2014_x86_64.whl", hash = "sha256:ef07c0103d79492c21fced9ad68c11c32efa6801ca1920ebfd0f15fb46c78b1c", size = 13951197, upload-time = "2024-09-29T11:40:06.785Z" },
    { url = "https://files.pythonhosted.org/packages/a6/06/29e939b34d3f1354738c7d201c51c250ad7abefefaf6f8332d962ff67c4b/pygame-2.6.1-cp313-cp313-win32.whl", hash = "sha256:3acd8c009317190c2bfd81db681ecef47d5eb108c2151d09596d9c7ea9df5c0e", size = 10249309, upload-time = "2024-09-29T11:10:23.329Z" },
    { url = "https://files.pythonhosted.org/packages/7e/11/17f7f319ca91824b86557e9303e3b7a71991ef17fd45286bf47d7f0a38e6/pygame-2.6.1-cp313-cp313-win_amd64.whl", hash = "sha256:813af4fba5d0b2cb8e58f5d95f7910295c34067dcc290d34f1be59c48bd1ea6a", size = 10620084, upload-time = "2024-09-29T11:48:51.587Z" },
]

[[package]]
name = "pyxel"
version = "2.7.2"
source = { registry = "https://pypi.org/simple" }
wheels = [
    { url = "https://files.pythonhosted.org/packages/c5/ab/eed4e722078dbd4fc793d3eb4f5f5ba4d5aaf4917844298024739b20e265/pyxel-2.7.2-cp38-abi3-macosx_10_12_x86_64.whl", hash = "sha256:587ece8ecdb135670ac18067b20d9bd25f6a22f3e0aed13c0429a44939b028eb", size = 7191624, upload-time = "2026-02-26T13:18:14.821Z" },
    { url = "https://files.pythonhosted.org/packages/26/08/25971c275c3d503b04a85df412a894be63d22cc54e1dc8b6f9e9648d72f7/pyxel-2.7.2-cp38-abi3-macosx_11_0_arm64.whl", hash = "sha256:ec84b483181d3916eb563599115b7f6de8c82ac81bd783abbb81ffe8e9f8b12e", size = 6932093, upload-time = "2026-02-26T13:18:16.75Z" },
    { url = "https://files.pythonhosted.org/packages/53/61/cf9f70fb5eb21024cf0060c86b2751a5efaf6d901cbd85d22c220f4c99e8/pyxel-2.7.2-cp38-abi3-manylinux_2_17_aarch64.manylinux2014_aarch64.whl", hash = "sha256:b7a0c51247fab9240c5b39449c7a601f352b6dab6d94123c0f1d83498bb5c102", size = 7600712, upload-time = "2026-02-26T13:18:18.37Z" },
    { url = "https://files.pythonhosted.org/packages/1e/31/7fc4b3b809ec1433531791875502a2a541520d06921ffc3f44f181ff8dca/pyxel-2.7.2-cp38-abi3-manylinux_2_17_armv7l.manylinux2014_armv7l.whl", hash = "sha256:e9c060f7b4e9a4390c993a048ccdcb369c5b6d9b35ea225a39e4eab47cd7b6c9", size = 7606253, upload-time = "2026-02-26T13:18:19.676Z" },
    { url = "https://files.pythonhosted.org/packages/12/ee/2fc048d9ec48f8ff2d3883add4a338c6d15b194a2fa2836b7aea08045ad9/pyxel-2.7.2-cp38-abi3-manylinux_2_17_i686.manylinux2014_i686.whl", hash = "sha256:c975a6cc1523a5763098ba0a573de2412382089d288a5a32199782ea8ecc9d11", size = 8309327, upload-time = "2026-02-26T13:18:21.178Z" },
    { url = "https://files.pythonhosted.org/packages/a2/9f/4ab5963a51e5837536aca10dd4d5f14475efe8369897e94a35089f5d915a/pyxel-2.7.2-cp38-abi3-manylinux_2_17_x86_64.manylinux2014_x86_64.whl", hash = "sha256:b5dac22dc0c00d5f25799691bba43c327b478283157261f4bfa4a00aa47c5ae9", size = 7893401, upload-time = "2026-02-26T13:18:23.281Z" },
    { url = "https://files.pythonhosted.org/packages/73/45/f03d2ba832c846be6da5932c5d1bfdf3cb4b5beb9789790d2c5df3d7a7e1/pyxel-2.7.2-cp38-abi3-win32.whl", hash = "sha256:06169176b2694b8e55c4e22fb5d88c1d7fadf28704cfb9d7bb6e028e78718959", size = 6761700, upload-time = "2026-02-26T13:18:27.375Z" },
    { url = "https://files.pythonhosted.org/packages/6e/4c/1fbce2d6a40ec6c0de4e6350a74a5d209724b93a1a91f9761318ab94d987/pyxel-2.7.2-cp38-abi3-win_amd64.whl", hash = "sha256:affea5fd8f46bc40a4cbcfd8c8dada4a713ab05ff7e12712588b39dc5fd45c5f", size = 6935241, upload-time = "2026-02-26T13:18:25.37Z" },
]
